<?xml version="1.0" encoding="utf-8"?>
<Project ToolsVersion="4.0" xmlns="http://schemas.microsoft.com/developer/msbuild/2003">
  <ItemGroup>
    <ClInclude Include="../Fly2_API/Include/Fly.h" />
    <ClInclude Include="Player.h">
      <Filter>Player</Filter>
    </ClInclude>
  </ItemGroup>
  <ItemGroup>
    <ClCompile Include="Hello.cpp" />
    <ClCompile Include="Player.cpp">
      <Filter>Player</Filter>
    </ClCompile>
  </ItemGroup>
  <ItemGroup>
    <Filter Include="Player">
      <UniqueIdentifier>{68475ab5-ee61-4fde-a243-297e2d2f19ca}</UniqueIdentifier>
    </Filter>
  </ItemGroup>
</Project>